<?xml version="1.0" encoding="utf-8"?>
<Project ToolsVersion="4.0" xmlns="http://schemas.microsoft.com/developer/msbuild/2003">
  <ItemGroup>
    <Filter Include="Source Files">
      <UniqueIdentifier>{4FC737F1-C7A5-4376-A066-2A32D752A2FF}</UniqueIdentifier>
      <Extensions>cpp;c;cc;cxx;def;odl;idl;hpj;bat;asm;asmx</Extensions>
    </Filter>
    <Filter Include="Header Files">
      <UniqueIdentifier>{93995380-89BD-4b04-88EB-625FBE52EBFB}</UniqueIdentifier>
      <Extensions>h;hpp;hxx;hm;inl;inc;xsd</Extensions>
    </Filter>
    <Filter Include="Resource Files">
      <UniqueIdentifier>{67DA6AB6-F800-4c08-8B7A-83BB121AAD01}</UniqueIdentifier>
      <Extensions>rc;ico;cur;bmp;dlg;rc2;rct;bin;rgs;gif;jpg;jpeg;jpe;resx;tiff;tif;png;wav;mfcribbon-ms</Extensions>
    </Filter>
  </ItemGroup>
  <ItemGroup>
    <ClCompile Include="..\..\Unix\srcs\LProtocol.cpp">
      <Filter>Source Files</Filter>
    </ClCompile>
    <ClCompile Include="..\..\Unix\srcs\Message.cpp">
      <Filter>Source Files</Filter>
    </ClCompile>
    <ClCompile Include="..\..\Unix\srcs\MessageLoginResult.cpp">
      <Filter>Source Files</Filter>
    </ClCompile>
    <ClCompile Include="..\..\Unix\srcs\MessageLogOut.cpp">
      <Filter>Source Files</Filter>
    </ClCompile>
    <ClCompile Include="..\..\Unix\srcs\MessagePlate.cpp">
      <Filter>Source Files</Filter>
    </ClCompile>
    <ClCompile Include="..\..\Unix\srcs\MessageFile.cpp">
      <Filter>Source Files</Filter>
    </ClCompile>
    <ClCompile Include="..\..\Unix\srcs\MessageLogin.cpp">
      <Filter>Source Files</Filter>
    </ClCompile>
  </ItemGroup>
  <ItemGroup>
    <None Include="..\..\include\IMessage.hh">
      <Filter>Header Files</Filter>
    </None>
    <None Include="..\..\include\IProtocol.hh">
      <Filter>Header Files</Filter>
    </None>
    <None Include="..\..\include\LProtocol.hh">
      <Filter>Header Files</Filter>
    </None>
    <None Include="..\..\include\Message.hh">
      <Filter>Header Files</Filter>
    </None>
    <None Include="..\..\include\IProtocolDelegate.hh">
      <Filter>Header Files</Filter>
    </None>
    <None Include="..\..\include\MessageLogin.hh">
      <Filter>Header Files</Filter>
    </None>
    <None Include="..\..\include\MessageLoginResult.hh">
      <Filter>Header Files</Filter>
    </None>
    <None Include="..\..\include\MessageLogOut.hh">
      <Filter>Header Files</Filter>
    </None>
    <None Include="..\..\include\MessagePlate.hh">
      <Filter>Header Files</Filter>
    </None>
    <None Include="..\..\include\MessageFile.hh">
      <Filter>Header Files</Filter>
    </None>
  </ItemGroup>
  <ItemGroup>
    <ClInclude Include="..\..\include\VSP.h">
      <Filter>Header Files</Filter>
    </ClInclude>
  </ItemGroup>
</Project>